
Microsoft Visual Studio Solution File, Format Version 12.00
# Visual Studio Version 16
VisualStudioVersion = 16.0.31729.503
MinimumVisualStudioVersion = 10.0.40219.1
Project("{9A19103F-16F7-4668-BE54-9A1E7A4F7556}") = "JoseMero3A_E1", "JoseMero3A_E1.csproj", "{6E81A225-A832-443B-86EF-7D666B759AB2}"
EndProject
Global
	GlobalSection(SolutionConfigurationPlatforms) = preSolution
		Debug|Any CPU = Debug|Any CPU
		Release|Any CPU = Release|Any CPU
	EndGlobalSection
	GlobalSection(ProjectConfigurationPlatforms) = postSolution
		{6E81A225-A832-443B-86EF-7D666B759AB2}.Debug|Any CPU.ActiveCfg = Debug|Any CPU
		{6E81A225-A832-443B-86EF-7D666B759AB2}.Debug|Any CPU.Build.0 = Debug|Any CPU
		{6E81A225-A832-443B-86EF-7D666B759AB2}.Release|Any CPU.ActiveCfg = Release|Any CPU
		{6E81A225-A832-443B-86EF-7D666B759AB2}.Release|Any CPU.Build.0 = Release|Any CPU
	EndGlobalSection
	GlobalSection(SolutionProperties) = preSolution
		HideSolutionNode = FALSE
	EndGlobalSection
	GlobalSection(ExtensibilityGlobals) = postSolution
		SolutionGuid = {DD3B5B8C-6371-4CE9-A96F-6EE8C6E47D5D}
	EndGlobalSection
EndGlobal
